// !$*UTF8*$!
{
	archiveVersion = 1;
	classes = {
	};
	objectVersion = 55;
	objects = {

/* Begin PBXBuildFile section */
		A6305ED227F0B4E80016E206 /* RotatedBadgeSymbol.swift in Sources */ = {isa = PBXBuildFile; fileRef = A6305ED127F0B4E80016E206 /* RotatedBadgeSymbol.swift */; };
		A6305ED427F0B5490016E206 /* Badge.swift in Sources */ = {isa = PBXBuildFile; fileRef = A6305ED327F0B5490016E206 /* Badge.swift */; };
		A6BCB2B027E79BA100048FE4 /* LandmarksApp.swift in Sources */ = {isa = PBXBuildFile; fileRef = A6BCB2AF27E79BA100048FE4 /* LandmarksApp.swift */; };
		A6BCB2B227E79BA100048FE4 /* ContentView.swift in Sources */ = {isa = PBXBuildFile; fileRef = A6BCB2B127E79BA100048FE4 /* ContentView.swift */; };
		A6BCB2B427E79BA300048FE4 /* Assets.xcassets in Resources */ = {isa = PBXBuildFile; fileRef = A6BCB2B327E79BA300048FE4 /* Assets.xcassets */; };
		A6BCB2B727E79BA300048FE4 /* Preview Assets.xcassets in Resources */ = {isa = PBXBuildFile; fileRef = A6BCB2B627E79BA300048FE4 /* Preview Assets.xcassets */; };
		A6BCB2C127E79BA300048FE4 /* LandmarksTests.swift in Sources */ = {isa = PBXBuildFile; fileRef = A6BCB2C027E79BA300048FE4 /* LandmarksTests.swift */; };
		A6BCB2CB27E79BA300048FE4 /* LandmarksUITests.swift in Sources */ = {isa = PBXBuildFile; fileRef = A6BCB2CA27E79BA300048FE4 /* LandmarksUITests.swift */; };
		A6BCB2CD27E79BA300048FE4 /* LandmarksUITestsLaunchTests.swift in Sources */ = {isa = PBXBuildFile; fileRef = A6BCB2CC27E79BA300048FE4 /* LandmarksUITestsLaunchTests.swift */; };
		A6BCB2DF27E79F7500048FE4 /* CircleImage.swift in Sources */ = {isa = PBXBuildFile; fileRef = A6BCB2DE27E79F7500048FE4 /* CircleImage.swift */; };
		A6BCB2E127E79FF200048FE4 /* MapView.swift in Sources */ = {isa = PBXBuildFile; fileRef = A6BCB2E027E79FF200048FE4 /* MapView.swift */; };
		A6BCB2E327E7A89500048FE4 /* landmarkData.json in Resources */ = {isa = PBXBuildFile; fileRef = A6BCB2E227E7A89500048FE4 /* landmarkData.json */; };
		A6BCB2E527E7A8D300048FE4 /* LandMark.swift in Sources */ = {isa = PBXBuildFile; fileRef = A6BCB2E427E7A8D300048FE4 /* LandMark.swift */; };
		A6BCB2F127E7A95C00048FE4 /* stmarylake@2x.jpg in Resources */ = {isa = PBXBuildFile; fileRef = A6BCB2E627E7A95B00048FE4 /* stmarylake@2x.jpg */; };
		A6BCB2F227E7A95C00048FE4 /* twinlake@2x.jpg in Resources */ = {isa = PBXBuildFile; fileRef = A6BCB2E727E7A95B00048FE4 /* twinlake@2x.jpg */; };
		A6BCB2F327E7A95C00048FE4 /* hiddenlake@2x.jpg in Resources */ = {isa = PBXBuildFile; fileRef = A6BCB2E827E7A95B00048FE4 /* hiddenlake@2x.jpg */; };
		A6BCB2F427E7A95C00048FE4 /* umbagog@2x.jpg in Resources */ = {isa = PBXBuildFile; fileRef = A6BCB2E927E7A95B00048FE4 /* umbagog@2x.jpg */; };
		A6BCB2F527E7A95C00048FE4 /* silversalmoncreek@2x.jpg in Resources */ = {isa = PBXBuildFile; fileRef = A6BCB2EA27E7A95B00048FE4 /* silversalmoncreek@2x.jpg */; };
		A6BCB2F627E7A95C00048FE4 /* icybay@2x.jpg in Resources */ = {isa = PBXBuildFile; fileRef = A6BCB2EB27E7A95B00048FE4 /* icybay@2x.jpg */; };
		A6BCB2F727E7A95C00048FE4 /* charleyrivers@2x.jpg in Resources */ = {isa = PBXBuildFile; fileRef = A6BCB2EC27E7A95C00048FE4 /* charleyrivers@2x.jpg */; };
		A6BCB2F827E7A95C00048FE4 /* chincoteague@2x.jpg in Resources */ = {isa = PBXBuildFile; fileRef = A6BCB2ED27E7A95C00048FE4 /* chincoteague@2x.jpg */; };
		A6BCB2F927E7A95C00048FE4 /* rainbowlake@2x.jpg in Resources */ = {isa = PBXBuildFile; fileRef = A6BCB2EE27E7A95C00048FE4 /* rainbowlake@2x.jpg */; };
		A6BCB2FA27E7A95C00048FE4 /* lakemcdonald@2x.jpg in Resources */ = {isa = PBXBuildFile; fileRef = A6BCB2EF27E7A95C00048FE4 /* lakemcdonald@2x.jpg */; };
		A6BCB2FB27E7A95C00048FE4 /* chilkoottrail@2x.jpg in Resources */ = {isa = PBXBuildFile; fileRef = A6BCB2F027E7A95C00048FE4 /* chilkoottrail@2x.jpg */; };
		A6BCB2FD27E7AA8600048FE4 /* ModelData.swift in Sources */ = {isa = PBXBuildFile; fileRef = A6BCB2FC27E7AA8600048FE4 /* ModelData.swift */; };
		A6BCB30227E7AC4800048FE4 /* LandmarkRow.swift in Sources */ = {isa = PBXBuildFile; fileRef = A6BCB30127E7AC4800048FE4 /* LandmarkRow.swift */; };
		A6BCB30427E7AD8500048FE4 /* LandmarkList.swift in Sources */ = {isa = PBXBuildFile; fileRef = A6BCB30327E7AD8500048FE4 /* LandmarkList.swift */; };
		A6BCB30627E7AE5200048FE4 /* LandmarkDetail.swift in Sources */ = {isa = PBXBuildFile; fileRef = A6BCB30527E7AE5200048FE4 /* LandmarkDetail.swift */; };
		A6BCB30827E8599600048FE4 /* FavoriteButton.swift in Sources */ = {isa = PBXBuildFile; fileRef = A6BCB30727E8599600048FE4 /* FavoriteButton.swift */; };
		A6BCB30C27E8A39400048FE4 /* HexagonParameters.swift in Sources */ = {isa = PBXBuildFile; fileRef = A6BCB30B27E8A39400048FE4 /* HexagonParameters.swift */; };
		A6BCB30E27E8A49500048FE4 /* BadgeBackground.swift in Sources */ = {isa = PBXBuildFile; fileRef = A6BCB30D27E8A49500048FE4 /* BadgeBackground.swift */; };
		A6BCB31227F0B18700048FE4 /* BadgeSymbol.swift in Sources */ = {isa = PBXBuildFile; fileRef = A6BCB31127F0B18700048FE4 /* BadgeSymbol.swift */; };
/* End PBXBuildFile section */

/* Begin PBXContainerItemProxy section */
		A6BCB2BD27E79BA300048FE4 /* PBXContainerItemProxy */ = {
			isa = PBXContainerItemProxy;
			containerPortal = A6BCB2A427E79BA100048FE4 /* Project object */;
			proxyType = 1;
			remoteGlobalIDString = A6BCB2AB27E79BA100048FE4;
			remoteInfo = Landmarks;
		};
		A6BCB2C727E79BA300048FE4 /* PBXContainerItemProxy */ = {
			isa = PBXContainerItemProxy;
			containerPortal = A6BCB2A427E79BA100048FE4 /* Project object */;
			proxyType = 1;
			remoteGlobalIDString = A6BCB2AB27E79BA100048FE4;
			remoteInfo = Landmarks;
		};
/* End PBXContainerItemProxy section */

/* Begin PBXFileReference section */
		A6305ED127F0B4E80016E206 /* RotatedBadgeSymbol.swift */ = {isa = PBXFileReference; lastKnownFileType = sourcecode.swift; path = RotatedBadgeSymbol.swift; sourceTree = "<group>"; };
		A6305ED327F0B5490016E206 /* Badge.swift */ = {isa = PBXFileReference; lastKnownFileType = sourcecode.swift; path = Badge.swift; sourceTree = "<group>"; };
		A6BCB2AC27E79BA100048FE4 /* Landmarks.app */ = {isa = PBXFileReference; explicitFileType = wrapper.application; includeInIndex = 0; path = Landmarks.app; sourceTree = BUILT_PRODUCTS_DIR; };
		A6BCB2AF27E79BA100048FE4 /* LandmarksApp.swift */ = {isa = PBXFileReference; lastKnownFileType = sourcecode.swift; path = LandmarksApp.swift; sourceTree = "<group>"; };
		A6BCB2B127E79BA100048FE4 /* ContentView.swift */ = {isa = PBXFileReference; lastKnownFileType = sourcecode.swift; path = ContentView.swift; sourceTree = "<group>"; };
		A6BCB2B327E79BA300048FE4 /* Assets.xcassets */ = {isa = PBXFileReference; lastKnownFileType = folder.assetcatalog; path = Assets.xcassets; sourceTree = "<group>"; };
		A6BCB2B627E79BA300048FE4 /* Preview Assets.xcassets */ = {isa = PBXFileReference; lastKnownFileType = folder.assetcatalog; path = "Preview Assets.xcassets"; sourceTree = "<group>"; };
		A6BCB2BC27E79BA300048FE4 /* LandmarksTests.xctest */ = {isa = PBXFileReference; explicitFileType = wrapper.cfbundle; includeInIndex = 0; path = LandmarksTests.xctest; sourceTree = BUILT_PRODUCTS_DIR; };
		A6BCB2C027E79BA300048FE4 /* LandmarksTests.swift */ = {isa = PBXFileReference; lastKnownFileType = sourcecode.swift; path = LandmarksTests.swift; sourceTree = "<group>"; };
		A6BCB2C627E79BA300048FE4 /* LandmarksUITests.xctest */ = {isa = PBXFileReference; explicitFileType = wrapper.cfbundle; includeInIndex = 0; path = LandmarksUITests.xctest; sourceTree = BUILT_PRODUCTS_DIR; };
		A6BCB2CA27E79BA300048FE4 /* LandmarksUITests.swift */ = {isa = PBXFileReference; lastKnownFileType = sourcecode.swift; path = LandmarksUITests.swift; sourceTree = "<group>"; };
		A6BCB2CC27E79BA300048FE4 /* LandmarksUITestsLaunchTests.swift */ = {isa = PBXFileReference; lastKnownFileType = sourcecode.swift; path = LandmarksUITestsLaunchTests.swift; sourceTree = "<group>"; };
		A6BCB2DC27E79EFE00048FE4 /* LICENSE.txt */ = {isa = PBXFileReference; lastKnownFileType = text; path = LICENSE.txt; sourceTree = "<group>"; };
		A6BCB2DD27E79EFE00048FE4 /* turtlerock@2x.jpg */ = {isa = PBXFileReference; lastKnownFileType = image.jpeg; path = "turtlerock@2x.jpg"; sourceTree = "<group>"; };
		A6BCB2DE27E79F7500048FE4 /* CircleImage.swift */ = {isa = PBXFileReference; lastKnownFileType = sourcecode.swift; path = CircleImage.swift; sourceTree = "<group>"; };
		A6BCB2E027E79FF200048FE4 /* MapView.swift */ = {isa = PBXFileReference; lastKnownFileType = sourcecode.swift; path = MapView.swift; sourceTree = "<group>"; };
		A6BCB2E227E7A89500048FE4 /* landmarkData.json */ = {isa = PBXFileReference; fileEncoding = 4; lastKnownFileType = text.json; path = landmarkData.json; sourceTree = "<group>"; };
		A6BCB2E427E7A8D300048FE4 /* LandMark.swift */ = {isa = PBXFileReference; lastKnownFileType = sourcecode.swift; path = LandMark.swift; sourceTree = "<group>"; };
		A6BCB2E627E7A95B00048FE4 /* stmarylake@2x.jpg */ = {isa = PBXFileReference; lastKnownFileType = image.jpeg; path = "stmarylake@2x.jpg"; sourceTree = "<group>"; };
		A6BCB2E727E7A95B00048FE4 /* twinlake@2x.jpg */ = {isa = PBXFileReference; lastKnownFileType = image.jpeg; path = "twinlake@2x.jpg"; sourceTree = "<group>"; };
		A6BCB2E827E7A95B00048FE4 /* hiddenlake@2x.jpg */ = {isa = PBXFileReference; lastKnownFileType = image.jpeg; path = "hiddenlake@2x.jpg"; sourceTree = "<group>"; };
		A6BCB2E927E7A95B00048FE4 /* umbagog@2x.jpg */ = {isa = PBXFileReference; lastKnownFileType = image.jpeg; path = "umbagog@2x.jpg"; sourceTree = "<group>"; };
		A6BCB2EA27E7A95B00048FE4 /* silversalmoncreek@2x.jpg */ = {isa = PBXFileReference; lastKnownFileType = image.jpeg; path = "silversalmoncreek@2x.jpg"; sourceTree = "<group>"; };
		A6BCB2EB27E7A95B00048FE4 /* icybay@2x.jpg */ = {isa = PBXFileReference; lastKnownFileType = image.jpeg; path = "icybay@2x.jpg"; sourceTree = "<group>"; };
		A6BCB2EC27E7A95C00048FE4 /* charleyrivers@2x.jpg */ = {isa = PBXFileReference; lastKnownFileType = image.jpeg; path = "charleyrivers@2x.jpg"; sourceTree = "<group>"; };
		A6BCB2ED27E7A95C00048FE4 /* chincoteague@2x.jpg */ = {isa = PBXFileReference; lastKnownFileType = image.jpeg; path = "chincoteague@2x.jpg"; sourceTree = "<group>"; };
		A6BCB2EE27E7A95C00048FE4 /* rainbowlake@2x.jpg */ = {isa = PBXFileReference; lastKnownFileType = image.jpeg; path = "rainbowlake@2x.jpg"; sourceTree = "<group>"; };
		A6BCB2EF27E7A95C00048FE4 /* lakemcdonald@2x.jpg */ = {isa = PBXFileReference; lastKnownFileType = image.jpeg; path = "lakemcdonald@2x.jpg"; sourceTree = "<group>"; };
		A6BCB2F027E7A95C00048FE4 /* chilkoottrail@2x.jpg */ = {isa = PBXFileReference; lastKnownFileType = image.jpeg; path = "chilkoottrail@2x.jpg"; sourceTree = "<group>"; };
		A6BCB2FC27E7AA8600048FE4 /* ModelData.swift */ = {isa = PBXFileReference; lastKnownFileType = sourcecode.swift; path = ModelData.swift; sourceTree = "<group>"; };
		A6BCB30127E7AC4800048FE4 /* LandmarkRow.swift */ = {isa = PBXFileReference; lastKnownFileType = sourcecode.swift; path = LandmarkRow.swift; sourceTree = "<group>"; };
		A6BCB30327E7AD8500048FE4 /* LandmarkList.swift */ = {isa = PBXFileReference; lastKnownFileType = sourcecode.swift; path = LandmarkList.swift; sourceTree = "<group>"; };
		A6BCB30527E7AE5200048FE4 /* LandmarkDetail.swift */ = {isa = PBXFileReference; lastKnownFileType = sourcecode.swift; path = LandmarkDetail.swift; sourceTree = "<group>"; };
		A6BCB30727E8599600048FE4 /* FavoriteButton.swift */ = {isa = PBXFileReference; lastKnownFileType = sourcecode.swift; path = FavoriteButton.swift; sourceTree = "<group>"; };
		A6BCB30B27E8A39400048FE4 /* HexagonParameters.swift */ = {isa = PBXFileReference; lastKnownFileType = sourcecode.swift; path = HexagonParameters.swift; sourceTree = "<group>"; };
		A6BCB30D27E8A49500048FE4 /* BadgeBackground.swift */ = {isa = PBXFileReference; lastKnownFileType = sourcecode.swift; path = BadgeBackground.swift; sourceTree = "<group>"; };
		A6BCB31127F0B18700048FE4 /* BadgeSymbol.swift */ = {isa = PBXFileReference; lastKnownFileType = sourcecode.swift; path = BadgeSymbol.swift; sourceTree = "<group>"; };
/* End PBXFileReference section */

/* Begin PBXFrameworksBuildPhase section */
		A6BCB2A927E79BA100048FE4 /* Frameworks */ = {
			isa = PBXFrameworksBuildPhase;
			buildActionMask = 2147483647;
			files = (
			);
			runOnlyForDeploymentPostprocessing = 0;
		};
		A6BCB2B927E79BA300048FE4 /* Frameworks */ = {
			isa = PBXFrameworksBuildPhase;
			buildActionMask = 2147483647;
			files = (
			);
			runOnlyForDeploymentPostprocessing = 0;
		};
		A6BCB2C327E79BA300048FE4 /* Frameworks */ = {
			isa = PBXFrameworksBuildPhase;
			buildActionMask = 2147483647;
			files = (
			);
			runOnlyForDeploymentPostprocessing = 0;
		};
/* End PBXFrameworksBuildPhase section */

/* Begin PBXGroup section */
		A6305ED527F0B69C0016E206 /* Badges */ = {
			isa = PBXGroup;
			children = (
				A6BCB31127F0B18700048FE4 /* BadgeSymbol.swift */,
				A6305ED127F0B4E80016E206 /* RotatedBadgeSymbol.swift */,
				A6305ED327F0B5490016E206 /* Badge.swift */,
				A6BCB30D27E8A49500048FE4 /* BadgeBackground.swift */,
				A6BCB30B27E8A39400048FE4 /* HexagonParameters.swift */,
			);
			path = Badges;
			sourceTree = "<group>";
		};
		A6BCB2A327E79BA100048FE4 = {
			isa = PBXGroup;
			children = (
				A6BCB2DA27E79EFE00048FE4 /* Resources */,
				A6BCB2AE27E79BA100048FE4 /* Landmarks */,
				A6BCB2BF27E79BA300048FE4 /* LandmarksTests */,
				A6BCB2C927E79BA300048FE4 /* LandmarksUITests */,
				A6BCB2AD27E79BA100048FE4 /* Products */,
			);
			sourceTree = "<group>";
		};
		A6BCB2AD27E79BA100048FE4 /* Products */ = {
			isa = PBXGroup;
			children = (
				A6BCB2AC27E79BA100048FE4 /* Landmarks.app */,
				A6BCB2BC27E79BA300048FE4 /* LandmarksTests.xctest */,
				A6BCB2C627E79BA300048FE4 /* LandmarksUITests.xctest */,
			);
			name = Products;
			sourceTree = "<group>";
		};
		A6BCB2AE27E79BA100048FE4 /* Landmarks */ = {
			isa = PBXGroup;
			children = (
				A6305ED527F0B69C0016E206 /* Badges */,
				A6BCB2AF27E79BA100048FE4 /* LandmarksApp.swift */,
				A6BCB2B327E79BA300048FE4 /* Assets.xcassets */,
				A6BCB30027E7ABF300048FE4 /* Resources */,
				A6BCB2FF27E7ABEE00048FE4 /* Model */,
				A6BCB2FE27E7ABE400048FE4 /* Views */,
				A6BCB2B527E79BA300048FE4 /* Preview Content */,
			);
			path = Landmarks;
			sourceTree = "<group>";
		};
		A6BCB2B527E79BA300048FE4 /* Preview Content */ = {
			isa = PBXGroup;
			children = (
				A6BCB2B627E79BA300048FE4 /* Preview Assets.xcassets */,
			);
			path = "Preview Content";
			sourceTree = "<group>";
		};
		A6BCB2BF27E79BA300048FE4 /* LandmarksTests */ = {
			isa = PBXGroup;
			children = (
				A6BCB2C027E79BA300048FE4 /* LandmarksTests.swift */,
			);
			path = LandmarksTests;
			sourceTree = "<group>";
		};
		A6BCB2C927E79BA300048FE4 /* LandmarksUITests */ = {
			isa = PBXGroup;
			children = (
				A6BCB2CA27E79BA300048FE4 /* LandmarksUITests.swift */,
				A6BCB2CC27E79BA300048FE4 /* LandmarksUITestsLaunchTests.swift */,
			);
			path = LandmarksUITests;
			sourceTree = "<group>";
		};
		A6BCB2DA27E79EFE00048FE4 /* Resources */ = {
			isa = PBXGroup;
			children = (
				A6BCB2EC27E7A95C00048FE4 /* charleyrivers@2x.jpg */,
				A6BCB2F027E7A95C00048FE4 /* chilkoottrail@2x.jpg */,
				A6BCB2ED27E7A95C00048FE4 /* chincoteague@2x.jpg */,
				A6BCB2E827E7A95B00048FE4 /* hiddenlake@2x.jpg */,
				A6BCB2EB27E7A95B00048FE4 /* icybay@2x.jpg */,
				A6BCB2EF27E7A95C00048FE4 /* lakemcdonald@2x.jpg */,
				A6BCB2EE27E7A95C00048FE4 /* rainbowlake@2x.jpg */,
				A6BCB2EA27E7A95B00048FE4 /* silversalmoncreek@2x.jpg */,
				A6BCB2E627E7A95B00048FE4 /* stmarylake@2x.jpg */,
				A6BCB2E727E7A95B00048FE4 /* twinlake@2x.jpg */,
				A6BCB2E927E7A95B00048FE4 /* umbagog@2x.jpg */,
				A6BCB2DB27E79EFE00048FE4 /* LICENSE */,
				A6BCB2DD27E79EFE00048FE4 /* turtlerock@2x.jpg */,
			);
			path = Resources;
			sourceTree = "<group>";
		};
		A6BCB2DB27E79EFE00048FE4 /* LICENSE */ = {
			isa = PBXGroup;
			children = (
				A6BCB2DC27E79EFE00048FE4 /* LICENSE.txt */,
			);
			path = LICENSE;
			sourceTree = "<group>";
		};
		A6BCB2FE27E7ABE400048FE4 /* Views */ = {
			isa = PBXGroup;
			children = (
				A6BCB2B127E79BA100048FE4 /* ContentView.swift */,
				A6BCB30A27E85BAE00048FE4 /* Helpers */,
				A6BCB30927E85B9D00048FE4 /* Landmarks */,
			);
			path = Views;
			sourceTree = "<group>";
		};
		A6BCB2FF27E7ABEE00048FE4 /* Model */ = {
			isa = PBXGroup;
			children = (
				A6BCB2FC27E7AA8600048FE4 /* ModelData.swift */,
				A6BCB2E427E7A8D300048FE4 /* LandMark.swift */,
			);
			path = Model;
			sourceTree = "<group>";
		};
		A6BCB30027E7ABF300048FE4 /* Resources */ = {
			isa = PBXGroup;
			children = (
				A6BCB2E227E7A89500048FE4 /* landmarkData.json */,
			);
			path = Resources;
			sourceTree = "<group>";
		};
		A6BCB30927E85B9D00048FE4 /* Landmarks */ = {
			isa = PBXGroup;
			children = (
				A6BCB30527E7AE5200048FE4 /* LandmarkDetail.swift */,
				A6BCB30327E7AD8500048FE4 /* LandmarkList.swift */,
				A6BCB30127E7AC4800048FE4 /* LandmarkRow.swift */,
			);
			path = Landmarks;
			sourceTree = "<group>";
		};
		A6BCB30A27E85BAE00048FE4 /* Helpers */ = {
			isa = PBXGroup;
			children = (
				A6BCB30727E8599600048FE4 /* FavoriteButton.swift */,
				A6BCB2E027E79FF200048FE4 /* MapView.swift */,
				A6BCB2DE27E79F7500048FE4 /* CircleImage.swift */,
			);
			path = Helpers;
			sourceTree = "<group>";
		};
/* End PBXGroup section */

/* Begin PBXNativeTarget section */
		A6BCB2AB27E79BA100048FE4 /* Landmarks */ = {
			isa = PBXNativeTarget;
			buildConfigurationList = A6BCB2D027E79BA300048FE4 /* Build configuration list for PBXNativeTarget "Landmarks" */;
			buildPhases = (
				A6BCB2A827E79BA100048FE4 /* Sources */,
				A6BCB2A927E79BA100048FE4 /* Frameworks */,
				A6BCB2AA27E79BA100048FE4 /* Resources */,
			);
			buildRules = (
			);
			dependencies = (
			);
			name = Landmarks;
			productName = Landmarks;
			productReference = A6BCB2AC27E79BA100048FE4 /* Landmarks.app */;
			productType = "com.apple.product-type.application";
		};
		A6BCB2BB27E79BA300048FE4 /* LandmarksTests */ = {
			isa = PBXNativeTarget;
			buildConfigurationList = A6BCB2D327E79BA300048FE4 /* Build configuration list for PBXNativeTarget "LandmarksTests" */;
			buildPhases = (
				A6BCB2B827E79BA300048FE4 /* Sources */,
				A6BCB2B927E79BA300048FE4 /* Frameworks */,
				A6BCB2BA27E79BA300048FE4 /* Resources */,
			);
			buildRules = (
			);
			dependencies = (
				A6BCB2BE27E79BA300048FE4 /* PBXTargetDependency */,
			);
			name = LandmarksTests;
			productName = LandmarksTests;
			productReference = A6BCB2BC27E79BA300048FE4 /* LandmarksTests.xctest */;
			productType = "com.apple.product-type.bundle.unit-test";
		};
		A6BCB2C527E79BA300048FE4 /* LandmarksUITests */ = {
			isa = PBXNativeTarget;
			buildConfigurationList = A6BCB2D627E79BA300048FE4 /* Build configuration list for PBXNativeTarget "LandmarksUITests" */;
			buildPhases = (
				A6BCB2C227E79BA300048FE4 /* Sources */,
				A6BCB2C327E79BA300048FE4 /* Frameworks */,
				A6BCB2C427E79BA300048FE4 /* Resources */,
			);
			buildRules = (
			);
			dependencies = (
				A6BCB2C827E79BA300048FE4 /* PBXTargetDependency */,
			);
			name = LandmarksUITests;
			productName = LandmarksUITests;
			productReference = A6BCB2C627E79BA300048FE4 /* LandmarksUITests.xctest */;
			productType = "com.apple.product-type.bundle.ui-testing";
		};
/* End PBXNativeTarget section */

/* Begin PBXProject section */
		A6BCB2A427E79BA100048FE4 /* Project object */ = {
			isa = PBXProject;
			attributes = {
				BuildIndependentTargetsInParallel = 1;
				LastSwiftUpdateCheck = 1330;
				LastUpgradeCheck = 1330;
				TargetAttributes = {
					A6BCB2AB27E79BA100048FE4 = {
						CreatedOnToolsVersion = 13.3;
					};
					A6BCB2BB27E79BA300048FE4 = {
						CreatedOnToolsVersion = 13.3;
						TestTargetID = A6BCB2AB27E79BA100048FE4;
					};
					A6BCB2C527E79BA300048FE4 = {
						CreatedOnToolsVersion = 13.3;
						TestTargetID = A6BCB2AB27E79BA100048FE4;
					};
				};
			};
			buildConfigurationList = A6BCB2A727E79BA100048FE4 /* Build configuration list for PBXProject "Landmarks" */;
			compatibilityVersion = "Xcode 13.0";
			developmentRegion = en;
			hasScannedForEncodings = 0;
			knownRegions = (
				en,
				Base,
			);
			mainGroup = A6BCB2A327E79BA100048FE4;
			productRefGroup = A6BCB2AD27E79BA100048FE4 /* Products */;
			projectDirPath = "";
			projectRoot = "";
			targets = (
				A6BCB2AB27E79BA100048FE4 /* Landmarks */,
				A6BCB2BB27E79BA300048FE4 /* LandmarksTests */,
				A6BCB2C527E79BA300048FE4 /* LandmarksUITests */,
			);
		};
/* End PBXProject section */

/* Begin PBXResourcesBuildPhase section */
		A6BCB2AA27E79BA100048FE4 /* Resources */ = {
			isa = PBXResourcesBuildPhase;
			buildActionMask = 2147483647;
			files = (
				A6BCB2F727E7A95C00048FE4 /* charleyrivers@2x.jpg in Resources */,
				A6BCB2B727E79BA300048FE4 /* Preview Assets.xcassets in Resources */,
				A6BCB2B427E79BA300048FE4 /* Assets.xcassets in Resources */,
				A6BCB2F627E7A95C00048FE4 /* icybay@2x.jpg in Resources */,
				A6BCB2F527E7A95C00048FE4 /* silversalmoncreek@2x.jpg in Resources */,
				A6BCB2F827E7A95C00048FE4 /* chincoteague@2x.jpg in Resources */,
				A6BCB2F427E7A95C00048FE4 /* umbagog@2x.jpg in Resources */,
				A6BCB2E327E7A89500048FE4 /* landmarkData.json in Resources */,
				A6BCB2FB27E7A95C00048FE4 /* chilkoottrail@2x.jpg in Resources */,
				A6BCB2FA27E7A95C00048FE4 /* lakemcdonald@2x.jpg in Resources */,
				A6BCB2F327E7A95C00048FE4 /* hiddenlake@2x.jpg in Resources */,
				A6BCB2F227E7A95C00048FE4 /* twinlake@2x.jpg in Resources */,
				A6BCB2F927E7A95C00048FE4 /* rainbowlake@2x.jpg in Resources */,
				A6BCB2F127E7A95C00048FE4 /* stmarylake@2x.jpg in Resources */,
			);
			runOnlyForDeploymentPostprocessing = 0;
		};
		A6BCB2BA27E79BA300048FE4 /* Resources */ = {
			isa = PBXResourcesBuildPhase;
			buildActionMask = 2147483647;
			files = (
			);
			runOnlyForDeploymentPostprocessing = 0;
		};
		A6BCB2C427E79BA300048FE4 /* Resources */ = {
			isa = PBXResourcesBuildPhase;
			buildActionMask = 2147483647;
			files = (
			);
			runOnlyForDeploymentPostprocessing = 0;
		};
/* End PBXResourcesBuildPhase section */

/* Begin PBXSourcesBuildPhase section */
		A6BCB2A827E79BA100048FE4 /* Sources */ = {
			isa = PBXSourcesBuildPhase;
			buildActionMask = 2147483647;
			files = (
				A6BCB2B227E79BA100048FE4 /* ContentView.swift in Sources */,
				A6305ED427F0B5490016E206 /* Badge.swift in Sources */,
				A6BCB2E527E7A8D300048FE4 /* LandMark.swift in Sources */,
				A6BCB2E127E79FF200048FE4 /* MapView.swift in Sources */,
				A6BCB30827E8599600048FE4 /* FavoriteButton.swift in Sources */,
				A6BCB30C27E8A39400048FE4 /* HexagonParameters.swift in Sources */,
				A6305ED227F0B4E80016E206 /* RotatedBadgeSymbol.swift in Sources */,
				A6BCB31227F0B18700048FE4 /* BadgeSymbol.swift in Sources */,
				A6BCB30427E7AD8500048FE4 /* LandmarkList.swift in Sources */,
				A6BCB30627E7AE5200048FE4 /* LandmarkDetail.swift in Sources */,
				A6BCB30E27E8A49500048FE4 /* BadgeBackground.swift in Sources */,
				A6BCB2B027E79BA100048FE4 /* LandmarksApp.swift in Sources */,
				A6BCB2DF27E79F7500048FE4 /* CircleImage.swift in Sources */,
				A6BCB30227E7AC4800048FE4 /* LandmarkRow.swift in Sources */,
				A6BCB2FD27E7AA8600048FE4 /* ModelData.swift in Sources */,
			);
			runOnlyForDeploymentPostprocessing = 0;
		};
		A6BCB2B827E79BA300048FE4 /* Sources */ = {
			isa = PBXSourcesBuildPhase;
			buildActionMask = 2147483647;
			files = (
				A6BCB2C127E79BA300048FE4 /* LandmarksTests.swift in Sources */,
			);
			runOnlyForDeploymentPostprocessing = 0;
		};
		A6BCB2C227E79BA300048FE4 /* Sources */ = {
			isa = PBXSourcesBuildPhase;
			buildActionMask = 2147483647;
			files = (
				A6BCB2CD27E79BA300048FE4 /* LandmarksUITestsLaunchTests.swift in Sources */,
				A6BCB2CB27E79BA300048FE4 /* LandmarksUITests.swift in Sources */,
			);
			runOnlyForDeploymentPostprocessing = 0;
		};
/* End PBXSourcesBuildPhase section */

/* Begin PBXTargetDependency section */
		A6BCB2BE27E79BA300048FE4 /* PBXTargetDependency */ = {
			isa = PBXTargetDependency;
			target = A6BCB2AB27E79BA100048FE4 /* Landmarks */;
			targetProxy = A6BCB2BD27E79BA300048FE4 /* PBXContainerItemProxy */;
		};
		A6BCB2C827E79BA300048FE4 /* PBXTargetDependency */ = {
			isa = PBXTargetDependency;
			target = A6BCB2AB27E79BA100048FE4 /* Landmarks */;
			targetProxy = A6BCB2C727E79BA300048FE4 /* PBXContainerItemProxy */;
		};
/* End PBXTargetDependency section */

/* Begin XCBuildConfiguration section */
		A6BCB2CE27E79BA300048FE4 /* Debug */ = {
			isa = XCBuildConfiguration;
			buildSettings = {
				ALWAYS_SEARCH_USER_PATHS = NO;
				CLANG_ANALYZER_NONNULL = YES;
				CLANG_ANALYZER_NUMBER_OBJECT_CONVERSION = YES_AGGRESSIVE;
				CLANG_CXX_LANGUAGE_STANDARD = "gnu++17";
				CLANG_ENABLE_MODULES = YES;
				CLANG_ENABLE_OBJC_ARC = YES;
				CLANG_ENABLE_OBJC_WEAK = YES;
				CLANG_WARN_BLOCK_CAPTURE_AUTORELEASING = YES;
				CLANG_WARN_BOOL_CONVERSION = YES;
				CLANG_WARN_COMMA = YES;
				CLANG_WARN_CONSTANT_CONVERSION = YES;
				CLANG_WARN_DEPRECATED_OBJC_IMPLEMENTATIONS = YES;
				CLANG_WARN_DIRECT_OBJC_ISA_USAGE = YES_ERROR;
				CLANG_WARN_DOCUMENTATION_COMMENTS = YES;
				CLANG_WARN_EMPTY_BODY = YES;
				CLANG_WARN_ENUM_CONVERSION = YES;
				CLANG_WARN_INFINITE_RECURSION = YES;
				CLANG_WARN_INT_CONVERSION = YES;
				CLANG_WARN_NON_LITERAL_NULL_CONVERSION = YES;
				CLANG_WARN_OBJC_IMPLICIT_RETAIN_SELF = YES;
				CLANG_WARN_OBJC_LITERAL_CONVERSION = YES;
				CLANG_WARN_OBJC_ROOT_CLASS = YES_ERROR;
				CLANG_WARN_QUOTED_INCLUDE_IN_FRAMEWORK_HEADER = YES;
				CLANG_WARN_RANGE_LOOP_ANALYSIS = YES;
				CLANG_WARN_STRICT_PROTOTYPES = YES;
				CLANG_WARN_SUSPICIOUS_MOVE = YES;
				CLANG_WARN_UNGUARDED_AVAILABILITY = YES_AGGRESSIVE;
				CLANG_WARN_UNREACHABLE_CODE = YES;
				CLANG_WARN__DUPLICATE_METHOD_MATCH = YES;
				COPY_PHASE_STRIP = NO;
				DEBUG_INFORMATION_FORMAT = dwarf;
				ENABLE_STRICT_OBJC_MSGSEND = YES;
				ENABLE_TESTABILITY = YES;
				GCC_C_LANGUAGE_STANDARD = gnu11;
				GCC_DYNAMIC_NO_PIC = NO;
				GCC_NO_COMMON_BLOCKS = YES;
				GCC_OPTIMIZATION_LEVEL = 0;
				GCC_PREPROCESSOR_DEFINITIONS = (
					"DEBUG=1",
					"$(inherited)",
				);
				GCC_WARN_64_TO_32_BIT_CONVERSION = YES;
				GCC_WARN_ABOUT_RETURN_TYPE = YES_ERROR;
				GCC_WARN_UNDECLARED_SELECTOR = YES;
				GCC_WARN_UNINITIALIZED_AUTOS = YES_AGGRESSIVE;
				GCC_WARN_UNUSED_FUNCTION = YES;
				GCC_WARN_UNUSED_VARIABLE = YES;
				IPHONEOS_DEPLOYMENT_TARGET = 15.4;
				MTL_ENABLE_DEBUG_INFO = INCLUDE_SOURCE;
				MTL_FAST_MATH = YES;
				ONLY_ACTIVE_ARCH = YES;
				SDKROOT = iphoneos;
				SWIFT_ACTIVE_COMPILATION_CONDITIONS = DEBUG;
				SWIFT_OPTIMIZATION_LEVEL = "-Onone";
			};
			name = Debug;
		};
		A6BCB2CF27E79BA300048FE4 /* Release */ = {
			isa = XCBuildConfiguration;
			buildSettings = {
				ALWAYS_SEARCH_USER_PATHS = NO;
				CLANG_ANALYZER_NONNULL = YES;
				CLANG_ANALYZER_NUMBER_OBJECT_CONVERSION = YES_AGGRESSIVE;
				CLANG_CXX_LANGUAGE_STANDARD = "gnu++17";
				CLANG_ENABLE_MODULES = YES;
				CLANG_ENABLE_OBJC_ARC = YES;
				CLANG_ENABLE_OBJC_WEAK = YES;
				CLANG_WARN_BLOCK_CAPTURE_AUTORELEASING = YES;
				CLANG_WARN_BOOL_CONVERSION = YES;
				CLANG_WARN_COMMA = YES;
				CLANG_WARN_CONSTANT_CONVERSION = YES;
				CLANG_WARN_DEPRECATED_OBJC_IMPLEMENTATIONS = YES;
				CLANG_WARN_DIRECT_OBJC_ISA_USAGE = YES_ERROR;
				CLANG_WARN_DOCUMENTATION_COMMENTS = YES;
				CLANG_WARN_EMPTY_BODY = YES;
				CLANG_WARN_ENUM_CONVERSION = YES;
				CLANG_WARN_INFINITE_RECURSION = YES;
				CLANG_WARN_INT_CONVERSION = YES;
				CLANG_WARN_NON_LITERAL_NULL_CONVERSION = YES;
				CLANG_WARN_OBJC_IMPLICIT_RETAIN_SELF = YES;
				CLANG_WARN_OBJC_LITERAL_CONVERSION = YES;
				CLANG_WARN_OBJC_ROOT_CLASS = YES_ERROR;
				CLANG_WARN_QUOTED_INCLUDE_IN_FRAMEWORK_HEADER = YES;
				CLANG_WARN_RANGE_LOOP_ANALYSIS = YES;
				CLANG_WARN_STRICT_PROTOTYPES = YES;
				CLANG_WARN_SUSPICIOUS_MOVE = YES;
				CLANG_WARN_UNGUARDED_AVAILABILITY = YES_AGGRESSIVE;
				CLANG_WARN_UNREACHABLE_CODE = YES;
				CLANG_WARN__DUPLICATE_METHOD_MATCH = YES;
				COPY_PHASE_STRIP = NO;
				DEBUG_INFORMATION_FORMAT = "dwarf-with-dsym";
				ENABLE_NS_ASSERTIONS = NO;
				ENABLE_STRICT_OBJC_MSGSEND = YES;
				GCC_C_LANGUAGE_STANDARD = gnu11;
				GCC_NO_COMMON_BLOCKS = YES;
				GCC_WARN_64_TO_32_BIT_CONVERSION = YES;
				GCC_WARN_ABOUT_RETURN_TYPE = YES_ERROR;
				GCC_WARN_UNDECLARED_SELECTOR = YES;
				GCC_WARN_UNINITIALIZED_AUTOS = YES_AGGRESSIVE;
				GCC_WARN_UNUSED_FUNCTION = YES;
				GCC_WARN_UNUSED_VARIABLE = YES;
				IPHONEOS_DEPLOYMENT_TARGET = 15.4;
				MTL_ENABLE_DEBUG_INFO = NO;
				MTL_FAST_MATH = YES;
				SDKROOT = iphoneos;
				SWIFT_COMPILATION_MODE = wholemodule;
				SWIFT_OPTIMIZATION_LEVEL = "-O";
				VALIDATE_PRODUCT = YES;
			};
			name = Release;
		};
		A6BCB2D127E79BA300048FE4 /* Debug */ = {
			isa = XCBuildConfiguration;
			buildSettings = {
				ASSETCATALOG_COMPILER_APPICON_NAME = AppIcon;
				ASSETCATALOG_COMPILER_GLOBAL_ACCENT_COLOR_NAME = AccentColor;
				CODE_SIGN_STYLE = Automatic;
				CURRENT_PROJECT_VERSION = 1;
				DEVELOPMENT_ASSET_PATHS = "\"Landmarks/Preview Content\"";
				DEVELOPMENT_TEAM = 3UY66R4X2N;
				ENABLE_PREVIEWS = YES;
				GENERATE_INFOPLIST_FILE = YES;
				INFOPLIST_KEY_UIApplicationSceneManifest_Generation = YES;
				INFOPLIST_KEY_UIApplicationSupportsIndirectInputEvents = YES;
				INFOPLIST_KEY_UILaunchScreen_Generation = YES;
				INFOPLIST_KEY_UISupportedInterfaceOrientations_iPad = "UIInterfaceOrientationPortrait UIInterfaceOrientationPortraitUpsideDown UIInterfaceOrientationLandscapeLeft UIInterfaceOrientationLandscapeRight";
				INFOPLIST_KEY_UISupportedInterfaceOrientations_iPhone = "UIInterfaceOrientationPortrait UIInterfaceOrientationLandscapeLeft UIInterfaceOrientationLandscapeRight";
				LD_RUNPATH_SEARCH_PATHS = (
					"$(inherited)",
					"@executable_path/Frameworks",
				);
				MARKETING_VERSION = 1.0;
				PRODUCT_BUNDLE_IDENTIFIER = com.diwamoto.Landmarks;
				PRODUCT_NAME = "$(TARGET_NAME)";
				SWIFT_EMIT_LOC_STRINGS = YES;
				SWIFT_VERSION = 5.0;
				TARGETED_DEVICE_FAMILY = "1,2";
			};
			name = Debug;
		};
		A6BCB2D227E79BA300048FE4 /* Release */ = {
			isa = XCBuildConfiguration;
			buildSettings = {
				ASSETCATALOG_COMPILER_APPICON_NAME = AppIcon;
				ASSETCATALOG_COMPILER_GLOBAL_ACCENT_COLOR_NAME = AccentColor;
				CODE_SIGN_STYLE = Automatic;
				CURRENT_PROJECT_VERSION = 1;
				DEVELOPMENT_ASSET_PATHS = "\"Landmarks/Preview Content\"";
				DEVELOPMENT_TEAM = 3UY66R4X2N;
				ENABLE_PREVIEWS = YES;
				GENERATE_INFOPLIST_FILE = YES;
				INFOPLIST_KEY_UIApplicationSceneManifest_Generation = YES;
				INFOPLIST_KEY_UIApplicationSupportsIndirectInputEvents = YES;
				INFOPLIST_KEY_UILaunchScreen_Generation = YES;
				INFOPLIST_KEY_UISupportedInterfaceOrientations_iPad = "UIInterfaceOrientationPortrait UIInterfaceOrientationPortraitUpsideDown UIInterfaceOrientationLandscapeLeft UIInterfaceOrientationLandscapeRight";
				INFOPLIST_KEY_UISupportedInterfaceOrientations_iPhone = "UIInterfaceOrientationPortrait UIInterfaceOrientationLandscapeLeft UIInterfaceOrientationLandscapeRight";
				LD_RUNPATH_SEARCH_PATHS = (
					"$(inherited)",
					"@executable_path/Frameworks",
				);
				MARKETING_VERSION = 1.0;
				PRODUCT_BUNDLE_IDENTIFIER = com.diwamoto.Landmarks;
				PRODUCT_NAME = "$(TARGET_NAME)";
				SWIFT_EMIT_LOC_STRINGS = YES;
				SWIFT_VERSION = 5.0;
				TARGETED_DEVICE_FAMILY = "1,2";
			};
			name = Release;
		};
		A6BCB2D427E79BA300048FE4 /* Debug */ = {
			isa = XCBuildConfiguration;
			buildSettings = {
				ALWAYS_EMBED_SWIFT_STANDARD_LIBRARIES = YES;
				BUNDLE_LOADER = "$(TEST_HOST)";
				CODE_SIGN_STYLE = Automatic;
				CURRENT_PROJECT_VERSION = 1;
				DEVELOPMENT_TEAM = 3UY66R4X2N;
				GENERATE_INFOPLIST_FILE = YES;
				IPHONEOS_DEPLOYMENT_TARGET = 15.4;
				MARKETING_VERSION = 1.0;
				PRODUCT_BUNDLE_IDENTIFIER = com.diwamoto.LandmarksTests;
				PRODUCT_NAME = "$(TARGET_NAME)";
				SWIFT_EMIT_LOC_STRINGS = NO;
				SWIFT_VERSION = 5.0;
				TARGETED_DEVICE_FAMILY = "1,2";
				TEST_HOST = "$(BUILT_PRODUCTS_DIR)/Landmarks.app/Landmarks";
			};
			name = Debug;
		};
		A6BCB2D527E79BA300048FE4 /* Release */ = {
			isa = XCBuildConfiguration;
			buildSettings = {
				ALWAYS_EMBED_SWIFT_STANDARD_LIBRARIES = YES;
				BUNDLE_LOADER = "$(TEST_HOST)";
				CODE_SIGN_STYLE = Automatic;
				CURRENT_PROJECT_VERSION = 1;
				DEVELOPMENT_TEAM = 3UY66R4X2N;
				GENERATE_INFOPLIST_FILE = YES;
				IPHONEOS_DEPLOYMENT_TARGET = 15.4;
				MARKETING_VERSION = 1.0;
				PRODUCT_BUNDLE_IDENTIFIER = com.diwamoto.LandmarksTests;
				PRODUCT_NAME = "$(TARGET_NAME)";
				SWIFT_EMIT_LOC_STRINGS = NO;
				SWIFT_VERSION = 5.0;
				TARGETED_DEVICE_FAMILY = "1,2";
				TEST_HOST = "$(BUILT_PRODUCTS_DIR)/Landmarks.app/Landmarks";
			};
			name = Release;
		};
		A6BCB2D727E79BA300048FE4 /* Debug */ = {
			isa = XCBuildConfiguration;
			buildSettings = {
				ALWAYS_EMBED_SWIFT_STANDARD_LIBRARIES = YES;
				CODE_SIGN_STYLE = Automatic;
				CURRENT_PROJECT_VERSION = 1;
				DEVELOPMENT_TEAM = 3UY66R4X2N;
				GENERATE_INFOPLIST_FILE = YES;
				MARKETING_VERSION = 1.0;
				PRODUCT_BUNDLE_IDENTIFIER = com.diwamoto.LandmarksUITests;
				PRODUCT_NAME = "$(TARGET_NAME)";
				SWIFT_EMIT_LOC_STRINGS = NO;
				SWIFT_VERSION = 5.0;
				TARGETED_DEVICE_FAMILY = "1,2";
				TEST_TARGET_NAME = Landmarks;
			};
			name = Debug;
		};
		A6BCB2D827E79BA300048FE4 /* Release */ = {
			isa = XCBuildConfiguration;
			buildSettings = {
				ALWAYS_EMBED_SWIFT_STANDARD_LIBRARIES = YES;
				CODE_SIGN_STYLE = Automatic;
				CURRENT_PROJECT_VERSION = 1;
				DEVELOPMENT_TEAM = 3UY66R4X2N;
				GENERATE_INFOPLIST_FILE = YES;
				MARKETING_VERSION = 1.0;
				PRODUCT_BUNDLE_IDENTIFIER = com.diwamoto.LandmarksUITests;
				PRODUCT_NAME = "$(TARGET_NAME)";
				SWIFT_EMIT_LOC_STRINGS = NO;
				SWIFT_VERSION = 5.0;
				TARGETED_DEVICE_FAMILY = "1,2";
				TEST_TARGET_NAME = Landmarks;
			};
			name = Release;
		};
/* End XCBuildConfiguration section */

/* Begin XCConfigurationList section */
		A6BCB2A727E79BA100048FE4 /* Build configuration list for PBXProject "Landmarks" */ = {
			isa = XCConfigurationList;
			buildConfigurations = (
				A6BCB2CE27E79BA300048FE4 /* Debug */,
				A6BCB2CF27E79BA300048FE4 /* Release */,
			);
			defaultConfigurationIsVisible = 0;
			defaultConfigurationName = Release;
		};
		A6BCB2D027E79BA300048FE4 /* Build configuration list for PBXNativeTarget "Landmarks" */ = {
			isa = XCConfigurationList;
			buildConfigurations = (
				A6BCB2D127E79BA300048FE4 /* Debug */,
				A6BCB2D227E79BA300048FE4 /* Release */,
			);
			defaultConfigurationIsVisible = 0;
			defaultConfigurationName = Release;
		};
		A6BCB2D327E79BA300048FE4 /* Build configuration list for PBXNativeTarget "LandmarksTests" */ = {
			isa = XCConfigurationList;
			buildConfigurations = (
				A6BCB2D427E79BA300048FE4 /* Debug */,
				A6BCB2D527E79BA300048FE4 /* Release */,
			);
			defaultConfigurationIsVisible = 0;
			defaultConfigurationName = Release;
		};
		A6BCB2D627E79BA300048FE4 /* Build configuration list for PBXNativeTarget "LandmarksUITests" */ = {
			isa = XCConfigurationList;
			buildConfigurations = (
				A6BCB2D727E79BA300048FE4 /* Debug */,
				A6BCB2D827E79BA300048FE4 /* Release */,
			);
			defaultConfigurationIsVisible = 0;
			defaultConfigurationName = Release;
		};
/* End XCConfigurationList section */
	};
	rootObject = A6BCB2A427E79BA100048FE4 /* Project object */;
}
